
Microsoft Visual Studio Solution File, Format Version 12.00
# Visual Studio Version 17
VisualStudioVersion = 17.6.33829.357
MinimumVisualStudioVersion = 10.0.40219.1
Project("{FAE04EC0-301F-11D3-BF4B-00C04F79EFBC}") = "Biometric", "Biometric\Biometric.csproj", "{F5DA7ED4-85D0-483A-95FB-91C5CBD8F5B1}"
	ProjectSection(ProjectDependencies) = postProject
		{9754EECE-DD66-4161-8935-5D751CBEF955} = {9754EECE-DD66-4161-8935-5D751CBEF955}
	EndProjectSection
EndProject
Project("{FAE04EC0-301F-11D3-BF4B-00C04F79EFBC}") = "Library", "Library\Library.csproj", "{9754EECE-DD66-4161-8935-5D751CBEF955}"
EndProject
Global
	GlobalSection(SolutionConfigurationPlatforms) = preSolution
		Debug|Any CPU = Debug|Any CPU
		Release|Any CPU = Release|Any CPU
	EndGlobalSection
	GlobalSection(ProjectConfigurationPlatforms) = postSolution
		{F5DA7ED4-85D0-483A-95FB-91C5CBD8F5B1}.Debug|Any CPU.ActiveCfg = Debug|Any CPU
		{F5DA7ED4-85D0-483A-95FB-91C5CBD8F5B1}.Debug|Any CPU.Build.0 = Debug|Any CPU
		{F5DA7ED4-85D0-483A-95FB-91C5CBD8F5B1}.Release|Any CPU.ActiveCfg = Release|Any CPU
		{F5DA7ED4-85D0-483A-95FB-91C5CBD8F5B1}.Release|Any CPU.Build.0 = Release|Any CPU
		{9754EECE-DD66-4161-8935-5D751CBEF955}.Debug|Any CPU.ActiveCfg = Debug|Any CPU
		{9754EECE-DD66-4161-8935-5D751CBEF955}.Debug|Any CPU.Build.0 = Debug|Any CPU
		{9754EECE-DD66-4161-8935-5D751CBEF955}.Release|Any CPU.ActiveCfg = Release|Any CPU
		{9754EECE-DD66-4161-8935-5D751CBEF955}.Release|Any CPU.Build.0 = Release|Any CPU
	EndGlobalSection
	GlobalSection(SolutionProperties) = preSolution
		HideSolutionNode = FALSE
	EndGlobalSection
	GlobalSection(ExtensibilityGlobals) = postSolution
		SolutionGuid = {062A11D1-B75C-431D-8548-D28C38199219}
	EndGlobalSection
EndGlobal
